<?xml version="1.0" encoding="utf-8"?>
<Project ToolsVersion="4.0" xmlns="http://schemas.microsoft.com/developer/msbuild/2003">
  <ItemGroup>
    <Filter Include="cpp Files">
      <UniqueIdentifier>{da263f64-43ff-442f-8770-12b7e14062dd}</UniqueIdentifier>
    </Filter>
    <Filter Include="Header Files">
      <UniqueIdentifier>{e4604ec2-5114-472f-b971-6eced7295d1d}</UniqueIdentifier>
      <Extensions>*.h</Extensions>
    </Filter>
    <Filter Include="cuda Files">
      <UniqueIdentifier>{5e30c12b-e66c-4534-ad13-35fa4656c2e3}</UniqueIdentifier>
    </Filter>
  </ItemGroup>
  <ItemGroup>
    <ClCompile Include="main.cpp">
      <Filter>cpp Files</Filter>
    </ClCompile>
    <ClCompile Include="supercell.cpp">
      <Filter>cpp Files</Filter>
    </ClCompile>
  </ItemGroup>
  <ItemGroup>
    <ClInclude Include="supercell.h">
      <Filter>Header Files</Filter>
    </ClInclude>
  </ItemGroup>
</Project>